
Microsoft Visual Studio Solution File, Format Version 12.00
# Visual Studio 15
Project("{FAE04EC0-301F-11D3-BF4B-00C04F79EFBC}") = "MVVMandDataBinding.Android", "MVVMandDataBinding.Android\MVVMandDataBinding.Android.csproj", "{C3CAAD92-C9FF-4AEC-AB03-23E367846AB1}"
EndProject
Project("{FAE04EC0-301F-11D3-BF4B-00C04F79EFBC}") = "MVVMandDataBinding.iOS", "MVVMandDataBinding.iOS\MVVMandDataBinding.iOS.csproj", "{95DE7571-D7FA-4DC3-93D2-B7CAE57D9E42}"
EndProject
Project("{FAE04EC0-301F-11D3-BF4B-00C04F79EFBC}") = "MVVMandDataBinding", "MVVMandDataBinding\MVVMandDataBinding.csproj", "{048117C5-B83C-464C-88C6-A9305648AA9C}"
EndProject
Global
	GlobalSection(SolutionConfigurationPlatforms) = preSolution
		Debug|Any CPU = Debug|Any CPU
		Release|Any CPU = Release|Any CPU
		Debug|iPhoneSimulator = Debug|iPhoneSimulator
		Release|iPhoneSimulator = Release|iPhoneSimulator
		Debug|iPhone = Debug|iPhone
		Release|iPhone = Release|iPhone
	EndGlobalSection
	GlobalSection(ProjectConfigurationPlatforms) = postSolution
		{C3CAAD92-C9FF-4AEC-AB03-23E367846AB1}.Debug|Any CPU.ActiveCfg = Debug|Any CPU
		{C3CAAD92-C9FF-4AEC-AB03-23E367846AB1}.Debug|Any CPU.Build.0 = Debug|Any CPU
		{C3CAAD92-C9FF-4AEC-AB03-23E367846AB1}.Release|Any CPU.ActiveCfg = Release|Any CPU
		{C3CAAD92-C9FF-4AEC-AB03-23E367846AB1}.Release|Any CPU.Build.0 = Release|Any CPU
		{C3CAAD92-C9FF-4AEC-AB03-23E367846AB1}.Debug|iPhoneSimulator.ActiveCfg = Debug|Any CPU
		{C3CAAD92-C9FF-4AEC-AB03-23E367846AB1}.Debug|iPhoneSimulator.Build.0 = Debug|Any CPU
		{C3CAAD92-C9FF-4AEC-AB03-23E367846AB1}.Release|iPhoneSimulator.ActiveCfg = Release|Any CPU
		{C3CAAD92-C9FF-4AEC-AB03-23E367846AB1}.Release|iPhoneSimulator.Build.0 = Release|Any CPU
		{C3CAAD92-C9FF-4AEC-AB03-23E367846AB1}.Debug|iPhone.ActiveCfg = Debug|Any CPU
		{C3CAAD92-C9FF-4AEC-AB03-23E367846AB1}.Debug|iPhone.Build.0 = Debug|Any CPU
		{C3CAAD92-C9FF-4AEC-AB03-23E367846AB1}.Release|iPhone.ActiveCfg = Release|Any CPU
		{C3CAAD92-C9FF-4AEC-AB03-23E367846AB1}.Release|iPhone.Build.0 = Release|Any CPU
		{95DE7571-D7FA-4DC3-93D2-B7CAE57D9E42}.Debug|Any CPU.ActiveCfg = Debug|iPhoneSimulator
		{95DE7571-D7FA-4DC3-93D2-B7CAE57D9E42}.Debug|Any CPU.Build.0 = Debug|iPhoneSimulator
		{95DE7571-D7FA-4DC3-93D2-B7CAE57D9E42}.Release|Any CPU.ActiveCfg = Release|iPhoneSimulator
		{95DE7571-D7FA-4DC3-93D2-B7CAE57D9E42}.Release|Any CPU.Build.0 = Release|iPhoneSimulator
		{95DE7571-D7FA-4DC3-93D2-B7CAE57D9E42}.Debug|iPhoneSimulator.ActiveCfg = Debug|iPhoneSimulator
		{95DE7571-D7FA-4DC3-93D2-B7CAE57D9E42}.Debug|iPhoneSimulator.Build.0 = Debug|iPhoneSimulator
		{95DE7571-D7FA-4DC3-93D2-B7CAE57D9E42}.Release|iPhoneSimulator.ActiveCfg = Release|iPhoneSimulator
		{95DE7571-D7FA-4DC3-93D2-B7CAE57D9E42}.Release|iPhoneSimulator.Build.0 = Release|iPhoneSimulator
		{95DE7571-D7FA-4DC3-93D2-B7CAE57D9E42}.Debug|iPhone.ActiveCfg = Debug|iPhone
		{95DE7571-D7FA-4DC3-93D2-B7CAE57D9E42}.Debug|iPhone.Build.0 = Debug|iPhone
		{95DE7571-D7FA-4DC3-93D2-B7CAE57D9E42}.Release|iPhone.ActiveCfg = Release|iPhone
		{95DE7571-D7FA-4DC3-93D2-B7CAE57D9E42}.Release|iPhone.Build.0 = Release|iPhone
		{048117C5-B83C-464C-88C6-A9305648AA9C}.Debug|Any CPU.ActiveCfg = Debug|Any CPU
		{048117C5-B83C-464C-88C6-A9305648AA9C}.Debug|Any CPU.Build.0 = Debug|Any CPU
		{048117C5-B83C-464C-88C6-A9305648AA9C}.Release|Any CPU.ActiveCfg = Release|Any CPU
		{048117C5-B83C-464C-88C6-A9305648AA9C}.Release|Any CPU.Build.0 = Release|Any CPU
		{048117C5-B83C-464C-88C6-A9305648AA9C}.Debug|iPhoneSimulator.ActiveCfg = Debug|Any CPU
		{048117C5-B83C-464C-88C6-A9305648AA9C}.Debug|iPhoneSimulator.Build.0 = Debug|Any CPU
		{048117C5-B83C-464C-88C6-A9305648AA9C}.Release|iPhoneSimulator.ActiveCfg = Release|Any CPU
		{048117C5-B83C-464C-88C6-A9305648AA9C}.Release|iPhoneSimulator.Build.0 = Release|Any CPU
		{048117C5-B83C-464C-88C6-A9305648AA9C}.Debug|iPhone.ActiveCfg = Debug|Any CPU
		{048117C5-B83C-464C-88C6-A9305648AA9C}.Debug|iPhone.Build.0 = Debug|Any CPU
		{048117C5-B83C-464C-88C6-A9305648AA9C}.Release|iPhone.ActiveCfg = Release|Any CPU
		{048117C5-B83C-464C-88C6-A9305648AA9C}.Release|iPhone.Build.0 = Release|Any CPU
	EndGlobalSection
EndGlobal
