
Microsoft Visual Studio Solution File, Format Version 12.00
# Visual Studio 15
Project("{FAE04EC0-301F-11D3-BF4B-00C04F79EFBC}") = "XamarinFormBehavior.Android", "XamarinFormBehavior.Android\XamarinFormBehavior.Android.csproj", "{C11A8E90-76F3-47B6-98B5-97DC60BCB27C}"
EndProject
Project("{FAE04EC0-301F-11D3-BF4B-00C04F79EFBC}") = "XamarinFormBehavior.iOS", "XamarinFormBehavior.iOS\XamarinFormBehavior.iOS.csproj", "{E6F74973-875C-4ACC-B779-6D060441501A}"
EndProject
Project("{FAE04EC0-301F-11D3-BF4B-00C04F79EFBC}") = "XamarinFormBehavior", "XamarinFormBehavior\XamarinFormBehavior.csproj", "{6867896D-71EF-443B-9487-D60433274EFC}"
EndProject
Global
	GlobalSection(SolutionConfigurationPlatforms) = preSolution
		Debug|Any CPU = Debug|Any CPU
		Release|Any CPU = Release|Any CPU
		Debug|iPhoneSimulator = Debug|iPhoneSimulator
		Release|iPhoneSimulator = Release|iPhoneSimulator
		Debug|iPhone = Debug|iPhone
		Release|iPhone = Release|iPhone
	EndGlobalSection
	GlobalSection(ProjectConfigurationPlatforms) = postSolution
		{C11A8E90-76F3-47B6-98B5-97DC60BCB27C}.Debug|Any CPU.ActiveCfg = Debug|Any CPU
		{C11A8E90-76F3-47B6-98B5-97DC60BCB27C}.Debug|Any CPU.Build.0 = Debug|Any CPU
		{C11A8E90-76F3-47B6-98B5-97DC60BCB27C}.Release|Any CPU.ActiveCfg = Release|Any CPU
		{C11A8E90-76F3-47B6-98B5-97DC60BCB27C}.Release|Any CPU.Build.0 = Release|Any CPU
		{C11A8E90-76F3-47B6-98B5-97DC60BCB27C}.Debug|iPhoneSimulator.ActiveCfg = Debug|Any CPU
		{C11A8E90-76F3-47B6-98B5-97DC60BCB27C}.Debug|iPhoneSimulator.Build.0 = Debug|Any CPU
		{C11A8E90-76F3-47B6-98B5-97DC60BCB27C}.Release|iPhoneSimulator.ActiveCfg = Release|Any CPU
		{C11A8E90-76F3-47B6-98B5-97DC60BCB27C}.Release|iPhoneSimulator.Build.0 = Release|Any CPU
		{C11A8E90-76F3-47B6-98B5-97DC60BCB27C}.Debug|iPhone.ActiveCfg = Debug|Any CPU
		{C11A8E90-76F3-47B6-98B5-97DC60BCB27C}.Debug|iPhone.Build.0 = Debug|Any CPU
		{C11A8E90-76F3-47B6-98B5-97DC60BCB27C}.Release|iPhone.ActiveCfg = Release|Any CPU
		{C11A8E90-76F3-47B6-98B5-97DC60BCB27C}.Release|iPhone.Build.0 = Release|Any CPU
		{E6F74973-875C-4ACC-B779-6D060441501A}.Debug|Any CPU.ActiveCfg = Debug|iPhoneSimulator
		{E6F74973-875C-4ACC-B779-6D060441501A}.Debug|Any CPU.Build.0 = Debug|iPhoneSimulator
		{E6F74973-875C-4ACC-B779-6D060441501A}.Release|Any CPU.ActiveCfg = Release|iPhoneSimulator
		{E6F74973-875C-4ACC-B779-6D060441501A}.Release|Any CPU.Build.0 = Release|iPhoneSimulator
		{E6F74973-875C-4ACC-B779-6D060441501A}.Debug|iPhoneSimulator.ActiveCfg = Debug|iPhoneSimulator
		{E6F74973-875C-4ACC-B779-6D060441501A}.Debug|iPhoneSimulator.Build.0 = Debug|iPhoneSimulator
		{E6F74973-875C-4ACC-B779-6D060441501A}.Release|iPhoneSimulator.ActiveCfg = Release|iPhoneSimulator
		{E6F74973-875C-4ACC-B779-6D060441501A}.Release|iPhoneSimulator.Build.0 = Release|iPhoneSimulator
		{E6F74973-875C-4ACC-B779-6D060441501A}.Debug|iPhone.ActiveCfg = Debug|iPhone
		{E6F74973-875C-4ACC-B779-6D060441501A}.Debug|iPhone.Build.0 = Debug|iPhone
		{E6F74973-875C-4ACC-B779-6D060441501A}.Release|iPhone.ActiveCfg = Release|iPhone
		{E6F74973-875C-4ACC-B779-6D060441501A}.Release|iPhone.Build.0 = Release|iPhone
		{6867896D-71EF-443B-9487-D60433274EFC}.Debug|Any CPU.ActiveCfg = Debug|Any CPU
		{6867896D-71EF-443B-9487-D60433274EFC}.Debug|Any CPU.Build.0 = Debug|Any CPU
		{6867896D-71EF-443B-9487-D60433274EFC}.Release|Any CPU.ActiveCfg = Release|Any CPU
		{6867896D-71EF-443B-9487-D60433274EFC}.Release|Any CPU.Build.0 = Release|Any CPU
		{6867896D-71EF-443B-9487-D60433274EFC}.Debug|iPhoneSimulator.ActiveCfg = Debug|Any CPU
		{6867896D-71EF-443B-9487-D60433274EFC}.Debug|iPhoneSimulator.Build.0 = Debug|Any CPU
		{6867896D-71EF-443B-9487-D60433274EFC}.Release|iPhoneSimulator.ActiveCfg = Release|Any CPU
		{6867896D-71EF-443B-9487-D60433274EFC}.Release|iPhoneSimulator.Build.0 = Release|Any CPU
		{6867896D-71EF-443B-9487-D60433274EFC}.Debug|iPhone.ActiveCfg = Debug|Any CPU
		{6867896D-71EF-443B-9487-D60433274EFC}.Debug|iPhone.Build.0 = Debug|Any CPU
		{6867896D-71EF-443B-9487-D60433274EFC}.Release|iPhone.ActiveCfg = Release|Any CPU
		{6867896D-71EF-443B-9487-D60433274EFC}.Release|iPhone.Build.0 = Release|Any CPU
	EndGlobalSection
EndGlobal
